github.com/anthropics/anthropic-sdk-go v1.53.0 h1:R/99NOmSXlfha2kwVVDUBiDxfoG5eHaxfQ9omcKgITM=
github.com/anthropics/anthropic-sdk-go v1.53.0/go.mod h1:3EfIfmFqxH6rbiLcIP4tPFyXL/IHakx2wDG4OU+TIEI=
github.com/bahlo/generic-list-go v0.2.0 h1:5sz/EEAK+ls5wF+NeqDpk5+iNdMDXrh3z3nPnH1Wvgk=
github.com/bahlo/generic-list-go v0.2.0/go.mod h1:2KvAjgMlE5NNynlg/5iLrrCCZ2+5xWbdbCW3pNTGyYg=
github.com/buger/jsonparser v1.1.2 h1:frqHqw7otoVbk5M8LlE/L7HTnIq2v9RX6EJ48i9AxJk=
github.com/buger/jsonparser v1.1.2/go.mod h1:6RYKKt7H4d4+iWqouImQ9R2FZql3VbhNgx27UK13J/0=
github.com/davecgh/go-spew v1.1.1 h1:vj9j/u1bqnvCEfJOwUhtlOARqs3+rkHYY13jYWTU97c=
github.com/davecgh/go-spew v1.1.1/go.mod h1:J7Y8YcW2NihsgmVo/mv3lAwl/skON4iLHjSsI+c5H38=
github.com/dnaeon/go-vcr v1.2.0 h1:zHCHvJYTMh1N7xnV7zf1m1GPBF9Ad0Jk/whtQ1663qI=
github.com/dnaeon/go-vcr v1.2.0/go.mod h1:R4UdLID7HZT3taECzJs4YgbbH6PIGXB6W/sc5OLb6RQ=
github.com/extrame/ole2 v0.0.0-20160812065207-d69429661ad7 h1:n+nk0bNe2+gVbRI8WRbLFVwwcBQ0rr5p+gzkKb6ol8c=
github.com/extrame/ole2 v0.0.0-20160812065207-d69429661ad7/go.mod h1:GPpMrAfHdb8IdQ1/R2uIRBsNfnPnwsYE9YYI5WyY1zw=
github.com/extrame/xls v0.0.1 h1:jI7L/o3z73TyyENPopsLS/Jlekm3nF1a/kF5hKBvy/k=
github.com/extrame/xls v0.0.1/go.mod h1:iACcgahst7BboCpIMSpnFs4SKyU9ZjsvZBfNbUxZOJI=
github.com/fumiama/go-docx v0.0.0-20250506085032-0c30fd09304b h1:/mxSugRc4SgN7XgBtT19dAJ7cAXLTbPmlJLJE4JjRkE=
github.com/fumiama/go-docx v0.0.0-20250506085032-0c30fd09304b/go.mod h1:ssRF0IaB1hCcKIObp3FkZOsjTcAHpgii70JelNb4H8M=
github.com/fumiama/imgsz v0.0.2 h1:fAkC0FnIscdKOXwAxlyw3EUba5NzxZdSxGaq3Uyfxak=
github.com/fumiama/imgsz v0.0.2/go.mod h1:dR71mI3I2O5u6+PCpd47M9TZptzP+39tRBcbdIkoqM4=
github.com/invopop/jsonschema v0.14.0 h1:MHQqLhvpNUZfw+hM3AZDYK7jxO8FZoQeQM77g8iyZjg=
github.com/invopop/jsonschema v0.14.0/go.mod h1:ygm6C2EaVNMBDPpaPlnOA2pFAxBnxGjFlMZABxm9n2I=
github.com/ledongthuc/pdf v0.0.0-20250511090121-5959a4027728 h1:QwWKgMY28TAXaDl+ExRDqGQltzXqN/xypdKP86niVn8=
github.com/ledongthuc/pdf v0.0.0-20250511090121-5959a4027728/go.mod h1:1fEHWurg7pvf5SG6XNE5Q8UZmOwex51Mkx3SLhrW5B4=
github.com/pb33f/ordered-map/v2 v2.3.1 h1:5319HDO0aw4DA4gzi+zv4FXU9UlSs3xGZ40wcP1nBjY=
github.com/pb33f/ordered-map/v2 v2.3.1/go.mod h1:qxFQgd0PkVUtOMCkTapqotNgzRhMPL7VvaHKbd1HnmQ=
github.com/pmezard/go-difflib v1.0.0 h1:4DBwDE0NGyQoBHbLQYPwSUPoCMWR5BEzIk/f1lZbAQM=
github.com/pmezard/go-difflib v1.0.0/go.mod h1:iKH77koFhYxTK1pcRnkKkqfTogsbg7gZNVY4sRDYZ/4=
github.com/richardlehane/mscfb v1.0.6 h1:eN3bvvZCp00bs7Zf52bxNwAx5lJDBK1tCuH19qq5aC8=
github.com/richardlehane/mscfb v1.0.6/go.mod h1:pe0+IUIc0AHh0+teNzBlJCtSyZdFOGgV4ZK9bsoV+Jo=
github.com/richardlehane/msoleps v1.0.6 h1:9BvkpjvD+iUBalUY4esMwv6uBkfOip/Lzvd93jvR9gg=
github.com/richardlehane/msoleps v1.0.6/go.mod h1:BWev5JBpU9Ko2WAgmZEuiz4/u3ZYTKbjLycmwiWUfWg=
github.com/standard-webhooks/standard-webhooks/libraries v0.0.1 h1:uOfcYT+3QungH6tIGSVCR/Y3KJmgJiHcojJbMTPDZAI=
github.com/standard-webhooks/standard-webhooks/libraries v0.0.1/go.mod h1:L1MQhA6x4dn9r007T033lsaZMv9EmBAdXyU/+EF40fo=
github.com/stretchr/testify v1.11.1 h1:7s2iGBzp5EwR7/aIZr8ao5+dra3wiQyKjjFuvgVKu7U=
github.com/stretchr/testify v1.11.1/go.mod h1:wZwfW3scLgRK+23gO65QZefKpKQRnfz6sD981Nm4B6U=
github.com/tidwall/gjson v1.14.2/go.mod h1:/wbyibRr2FHMks5tjHJ5F8dMZh3AcwJEMf5vlfC0lxk=
github.com/tidwall/gjson v1.18.0 h1:FIDeeyB800efLX89e5a8Y0BNH+LOngJyGrIWxG2FKQY=
github.com/tidwall/gjson v1.18.0/go.mod h1:/wbyibRr2FHMks5tjHJ5F8dMZh3AcwJEMf5vlfC0lxk=
github.com/tidwall/match v1.1.1 h1:+Ho715JplO36QYgwN9PGYNhgZvoUSc9X2c80KVTi+GA=
github.com/tidwall/match v1.1.1/go.mod h1:eRSPERbgtNPcGhD8UCthc6PmLEQXEWd3PRB5JTxsfmM=
github.com/tidwall/pretty v1.2.0/go.mod h1:ITEVvHYasfjBbM0u2Pg8T2nJnzm8xPwvNhhsoaGGjNU=
github.com/tidwall/pretty v1.2.1 h1:qjsOFOWWQl+N3RsoF5/ssm1pHmJJwhjlSbZ51I6wMl4=
github.com/tidwall/pretty v1.2.1/go.mod h1:ITEVvHYasfjBbM0u2Pg8T2nJnzm8xPwvNhhsoaGGjNU=
github.com/tidwall/sjson v1.2.5 h1:kLy8mja+1c9jlljvWTlSazM7cKDRfJuR/bOJhcY5NcY=
github.com/tidwall/sjson v1.2.5/go.mod h1:Fvgq9kS/6ociJEDnK0Fk1cpYF4FIW6ZF7LAe+6jwd28=
github.com/tiendc/go-deepcopy v1.7.2 h1:Ut2yYR7W9tWjTQitganoIue4UGxZwCcJy3orjrrIj44=
github.com/tiendc/go-deepcopy v1.7.2/go.mod h1:4bKjNC2r7boYOkD2IOuZpYjmlDdzjbpTRyCx+goBCJQ=
github.com/xuri/efp v0.0.1 h1:fws5Rv3myXyYni8uwj2qKjVaRP30PdjeYe2Y6FDsCL8=
github.com/xuri/efp v0.0.1/go.mod h1:ybY/Jr0T0GTCnYjKqmdwxyxn2BQf2RcQIIvex5QldPI=
github.com/xuri/excelize/v2 v2.10.1 h1:V62UlqopMqha3kOpnlHy2CcRVw1V8E63jFoWUmMzxN0=
github.com/xuri/excelize/v2 v2.10.1/go.mod h1:iG5tARpgaEeIhTqt3/fgXCGoBRt4hNXgCp3tfXKoOIc=
github.com/xuri/nfp v0.0.2-0.20250530014748-2ddeb826f9a9 h1:+C0TIdyyYmzadGaL/HBLbf3WdLgC29pgyhTjAT/0nuE=
github.com/xuri/nfp v0.0.2-0.20250530014748-2ddeb826f9a9/go.mod h1:WwHg+CVyzlv/TX9xqBFXEZAuxOPxn2k1GNHwG41IIUQ=
go.yaml.in/yaml/v4 v4.0.0-rc.2 h1:/FrI8D64VSr4HtGIlUtlFMGsm7H7pWTbj6vOLVZcA6s=
go.yaml.in/yaml/v4 v4.0.0-rc.2/go.mod h1:aZqd9kCMsGL7AuUv/m/PvWLdg5sjJsZ4oHDEnfPPfY0=
golang.org/x/crypto v0.48.0 h1:/VRzVqiRSggnhY7gNRxPauEQ5Drw9haKdM0jqfcCFts=
golang.org/x/crypto v0.48.0/go.mod h1:r0kV5h3qnFPlQnBSrULhlsRfryS2pmewsg+XfMgkVos=
golang.org/x/net v0.50.0 h1:ucWh9eiCGyDR3vtzso0WMQinm2Dnt8cFMuQa9K33J60=
golang.org/x/net v0.50.0/go.mod h1:UgoSli3F/pBgdJBHCTc+tp3gmrU4XswgGRgtnwWTfyM=
golang.org/x/sync v0.16.0 h1:ycBJEhp9p4vXvUZNszeOq0kGTPghopOL8q0fq3vstxw=
golang.org/x/sync v0.16.0/go.mod h1:1dzgHSNfp02xaA81J2MS99Qcpr2w7fw1gpm99rleRqA=
golang.org/x/sync v0.19.0 h1:vV+1eWNmZ5geRlYjzm2adRgW2/mcpevXNg50YZtPCE4=
golang.org/x/sync v0.19.0/go.mod h1:9KTHXmSnoGruLpwFjVSX0lNNA75CykiMECbovNTZqGI=
golang.org/x/sys v0.46.0 h1:noSf2Fq6F8DBgS+LysIkx7rIExoNHJsxOAtPp4rthXw=
golang.org/x/sys v0.46.0/go.mod h1:4GL1E5IUh+htKOUEOaiffhrAeqysfVGipDYzABqnCmw=
golang.org/x/term v0.44.0 h1:0rLvDRCtNj0gZkyIXhCyOb2OAzEhLVqc4B+hrsBhrmc=
golang.org/x/term v0.44.0/go.mod h1:7ze4MdzUzLXpSAoFP1H0bOI9aXDqveSvatT5vKcFh2Y=
golang.org/x/text v0.34.0 h1:oL/Qq0Kdaqxa1KbNeMKwQq0reLCCaFtqu2eNuSeNHbk=
golang.org/x/text v0.34.0/go.mod h1:homfLqTYRFyVYemLBFl5GgL/DWEiH5wcsQ5gSh1yziA=
gopkg.in/yaml.v2 v2.2.8 h1:obN1ZagJSUGI0Ek/LBmuj4SNLPfIny3KsKFopxRdj10=
gopkg.in/yaml.v2 v2.2.8/go.mod h1:hI93XBmqTisBFMUTm0b8Fm+jr3Dg1NNxqwp+5A1VGuI=
gopkg.in/yaml.v3 v3.0.1 h1:fxVm/GzAzEWqLHuvctI91KS9hhNmmWOoWu0XTYJS7CA=
gopkg.in/yaml.v3 v3.0.1/go.mod h1:K4uyk7z7BCEPqu6E+C64Yfv1cQ7kz7rIZviUmN+EgEM=
